
Microsoft Visual Studio Solution File, Format Version 12.00
# Visual Studio Version 16
VisualStudioVersion = 16.0.31005.135
MinimumVisualStudioVersion = 10.0.40219.1
Project("{2150E333-8FDC-42A3-9474-1A3956D46DE8}") = "Catalog", "Catalog", "{73C48435-2067-446B-9A11-70666719A1F8}"
EndProject
Project("{9A19103F-16F7-4668-BE54-9A1E7A4F7556}") = "DAL", "DAL\DAL.csproj", "{53039803-E851-482B-BFC6-02E200FFB4AE}"
EndProject
Project("{9A19103F-16F7-4668-BE54-9A1E7A4F7556}") = "DAL.Tests", "DAL.Tests\DAL.Tests.csproj", "{953E24BD-7C1F-4C3B-8CE2-BD11BD8CB350}"
EndProject
Project("{FAE04EC0-301F-11D3-BF4B-00C04F79EFBC}") = "BLL", "BLL\BLL.csproj", "{B32ED052-DCC6-46A5-ACA5-5126608782CC}"
EndProject
Global
	GlobalSection(SolutionConfigurationPlatforms) = preSolution
		Debug|Any CPU = Debug|Any CPU
		Release|Any CPU = Release|Any CPU
	EndGlobalSection
	GlobalSection(ProjectConfigurationPlatforms) = postSolution
		{53039803-E851-482B-BFC6-02E200FFB4AE}.Debug|Any CPU.ActiveCfg = Debug|Any CPU
		{53039803-E851-482B-BFC6-02E200FFB4AE}.Debug|Any CPU.Build.0 = Debug|Any CPU
		{53039803-E851-482B-BFC6-02E200FFB4AE}.Release|Any CPU.ActiveCfg = Release|Any CPU
		{53039803-E851-482B-BFC6-02E200FFB4AE}.Release|Any CPU.Build.0 = Release|Any CPU
		{953E24BD-7C1F-4C3B-8CE2-BD11BD8CB350}.Debug|Any CPU.ActiveCfg = Debug|Any CPU
		{953E24BD-7C1F-4C3B-8CE2-BD11BD8CB350}.Debug|Any CPU.Build.0 = Debug|Any CPU
		{953E24BD-7C1F-4C3B-8CE2-BD11BD8CB350}.Release|Any CPU.ActiveCfg = Release|Any CPU
		{953E24BD-7C1F-4C3B-8CE2-BD11BD8CB350}.Release|Any CPU.Build.0 = Release|Any CPU
		{B32ED052-DCC6-46A5-ACA5-5126608782CC}.Debug|Any CPU.ActiveCfg = Debug|Any CPU
		{B32ED052-DCC6-46A5-ACA5-5126608782CC}.Debug|Any CPU.Build.0 = Debug|Any CPU
		{B32ED052-DCC6-46A5-ACA5-5126608782CC}.Release|Any CPU.ActiveCfg = Release|Any CPU
		{B32ED052-DCC6-46A5-ACA5-5126608782CC}.Release|Any CPU.Build.0 = Release|Any CPU
	EndGlobalSection
	GlobalSection(SolutionProperties) = preSolution
		HideSolutionNode = FALSE
	EndGlobalSection
	GlobalSection(NestedProjects) = preSolution
		{53039803-E851-482B-BFC6-02E200FFB4AE} = {73C48435-2067-446B-9A11-70666719A1F8}
		{953E24BD-7C1F-4C3B-8CE2-BD11BD8CB350} = {73C48435-2067-446B-9A11-70666719A1F8}
		{B32ED052-DCC6-46A5-ACA5-5126608782CC} = {73C48435-2067-446B-9A11-70666719A1F8}
	EndGlobalSection
	GlobalSection(ExtensibilityGlobals) = postSolution
		SolutionGuid = {73D04C9A-75BC-400E-A610-7A44707FCF7E}
	EndGlobalSection
EndGlobal
